
Microsoft Visual Studio Solution File, Format Version 12.00
# Visual Studio Version 17
VisualStudioVersion = 17.9.34728.123
MinimumVisualStudioVersion = 10.0.40219.1
Project("{9A19103F-16F7-4668-BE54-9A1E7A4F7556}") = "GraphQLProject", "GraphQLProject\GraphQLProject.csproj", "{E7C6769E-93B7-4DF3-8413-76A859AADE02}"
EndProject
Project("{FAE04EC0-301F-11D3-BF4B-00C04F79EFBC}") = "GraphQLProject.Test", "GraphQLProject.Test\GraphQLProject.Test.csproj", "{AAD67BB7-C3A7-4F77-BBC6-AAC413DBCE5C}"
EndProject
Global
	GlobalSection(SolutionConfigurationPlatforms) = preSolution
		Debug|Any CPU = Debug|Any CPU
		Release|Any CPU = Release|Any CPU
	EndGlobalSection
	GlobalSection(ProjectConfigurationPlatforms) = postSolution
		{E7C6769E-93B7-4DF3-8413-76A859AADE02}.Debug|Any CPU.ActiveCfg = Debug|Any CPU
		{E7C6769E-93B7-4DF3-8413-76A859AADE02}.Debug|Any CPU.Build.0 = Debug|Any CPU
		{E7C6769E-93B7-4DF3-8413-76A859AADE02}.Release|Any CPU.ActiveCfg = Release|Any CPU
		{E7C6769E-93B7-4DF3-8413-76A859AADE02}.Release|Any CPU.Build.0 = Release|Any CPU
		{AAD67BB7-C3A7-4F77-BBC6-AAC413DBCE5C}.Debug|Any CPU.ActiveCfg = Debug|Any CPU
		{AAD67BB7-C3A7-4F77-BBC6-AAC413DBCE5C}.Debug|Any CPU.Build.0 = Debug|Any CPU
		{AAD67BB7-C3A7-4F77-BBC6-AAC413DBCE5C}.Release|Any CPU.ActiveCfg = Release|Any CPU
		{AAD67BB7-C3A7-4F77-BBC6-AAC413DBCE5C}.Release|Any CPU.Build.0 = Release|Any CPU
	EndGlobalSection
	GlobalSection(SolutionProperties) = preSolution
		HideSolutionNode = FALSE
	EndGlobalSection
	GlobalSection(ExtensibilityGlobals) = postSolution
		SolutionGuid = {4B71BC7D-DEAE-49B9-ABE9-E550FF80CFC9}
	EndGlobalSection
EndGlobal
